{
  "requires": true,
  "lockfileVersion": 1,
  "dependencies": {
    "vue2-touch-events": {
      "version": "2.3.2",
      "resolved": "https://registry.npmjs.org/vue2-touch-events/-/vue2-touch-events-2.3.2.tgz",
      "integrity": "sha512-OTXYvgzZsvlDFlB0WqaDXIiZulJpvf+Gp9hdGO9hZUb8j5uo0SIJbr4xQ78rPZPg7rvsXWYLmUvLVro7wy3zJw=="
    }
  }
}
